
Microsoft Visual Studio Solution File, Format Version 12.00
# Visual Studio Version 17
VisualStudioVersion = 17.8.34525.116
MinimumVisualStudioVersion = 10.0.40219.1
Project("{8BC9CEB8-8B4A-11D0-8D11-00A0C91BC942}") = "Vertex_Animation_Compiler", "Vertex_Animation_Compiler.vcxproj", "{1436F07D-9094-4BA8-84BB-31349A86A66A}"
EndProject
Global
	GlobalSection(SolutionConfigurationPlatforms) = preSolution
		Debug|x64 = Debug|x64
		Debug|x86 = Debug|x86
		Release|x64 = Release|x64
		Release|x86 = Release|x86
	EndGlobalSection
	GlobalSection(ProjectConfigurationPlatforms) = postSolution
		{1436F07D-9094-4BA8-84BB-31349A86A66A}.Debug|x64.ActiveCfg = Debug|x64
		{1436F07D-9094-4BA8-84BB-31349A86A66A}.Debug|x64.Build.0 = Debug|x64
		{1436F07D-9094-4BA8-84BB-31349A86A66A}.Debug|x86.ActiveCfg = Debug|Win32
		{1436F07D-9094-4BA8-84BB-31349A86A66A}.Debug|x86.Build.0 = Debug|Win32
		{1436F07D-9094-4BA8-84BB-31349A86A66A}.Release|x64.ActiveCfg = Release|x64
		{1436F07D-9094-4BA8-84BB-31349A86A66A}.Release|x64.Build.0 = Release|x64
		{1436F07D-9094-4BA8-84BB-31349A86A66A}.Release|x86.ActiveCfg = Release|Win32
		{1436F07D-9094-4BA8-84BB-31349A86A66A}.Release|x86.Build.0 = Release|Win32
	EndGlobalSection
	GlobalSection(SolutionProperties) = preSolution
		HideSolutionNode = FALSE
	EndGlobalSection
	GlobalSection(ExtensibilityGlobals) = postSolution
		SolutionGuid = {EE1197E0-0BF1-4B8A-BFBA-9492FD0329E4}
	EndGlobalSection
EndGlobal
